
Microsoft Visual Studio Solution File, Format Version 12.00
# Visual Studio Version 17
VisualStudioVersion = 17.4.33213.308
MinimumVisualStudioVersion = 10.0.40219.1
Project("{FAE04EC0-301F-11D3-BF4B-00C04F79EFBC}") = "Hotel", "Hotel\Hotel.csproj", "{4AA30C27-B810-4A1C-AE73-A887B814FADD}"
EndProject
Global
	GlobalSection(SolutionConfigurationPlatforms) = preSolution
		Debug|Any CPU = Debug|Any CPU
		Release|Any CPU = Release|Any CPU
	EndGlobalSection
	GlobalSection(ProjectConfigurationPlatforms) = postSolution
		{4AA30C27-B810-4A1C-AE73-A887B814FADD}.Debug|Any CPU.ActiveCfg = Debug|Any CPU
		{4AA30C27-B810-4A1C-AE73-A887B814FADD}.Debug|Any CPU.Build.0 = Debug|Any CPU
		{4AA30C27-B810-4A1C-AE73-A887B814FADD}.Release|Any CPU.ActiveCfg = Release|Any CPU
		{4AA30C27-B810-4A1C-AE73-A887B814FADD}.Release|Any CPU.Build.0 = Release|Any CPU
	EndGlobalSection
	GlobalSection(SolutionProperties) = preSolution
		HideSolutionNode = FALSE
	EndGlobalSection
	GlobalSection(ExtensibilityGlobals) = postSolution
		SolutionGuid = {8996FCCB-EBF1-4CC6-A0CA-2F43E60FE83F}
	EndGlobalSection
EndGlobal
